
Microsoft Visual Studio Solution File, Format Version 12.00
# Visual Studio 15
VisualStudioVersion = 15.0.28307.329
MinimumVisualStudioVersion = 10.0.40219.1
Project("{9A19103F-16F7-4668-BE54-9A1E7A4F7556}") = "Core.Cron", "core-cron\Core.Cron.csproj", "{4FB3FA99-2535-4A56-B407-74A4CB7A5E0E}"
EndProject
Global
	GlobalSection(SolutionConfigurationPlatforms) = preSolution
		Debug|Any CPU = Debug|Any CPU
		Release|Any CPU = Release|Any CPU
	EndGlobalSection
	GlobalSection(ProjectConfigurationPlatforms) = postSolution
		{4FB3FA99-2535-4A56-B407-74A4CB7A5E0E}.Debug|Any CPU.ActiveCfg = Debug|Any CPU
		{4FB3FA99-2535-4A56-B407-74A4CB7A5E0E}.Debug|Any CPU.Build.0 = Debug|Any CPU
		{4FB3FA99-2535-4A56-B407-74A4CB7A5E0E}.Release|Any CPU.ActiveCfg = Release|Any CPU
		{4FB3FA99-2535-4A56-B407-74A4CB7A5E0E}.Release|Any CPU.Build.0 = Release|Any CPU
	EndGlobalSection
	GlobalSection(SolutionProperties) = preSolution
		HideSolutionNode = FALSE
	EndGlobalSection
	GlobalSection(ExtensibilityGlobals) = postSolution
		SolutionGuid = {3972A78D-270A-424C-82B7-55BCAB241816}
	EndGlobalSection
EndGlobal
